
Microsoft Visual Studio Solution File, Format Version 12.00
# Visual Studio Version 16
VisualStudioVersion = 16.0.30503.244
MinimumVisualStudioVersion = 10.0.40219.1
Project("{FAE04EC0-301F-11D3-BF4B-00C04F79EFBC}") = "lab11", "lab11.csproj", "{63108002-BB9B-4652-8C81-BFAA0153F6EC}"
EndProject
Project("{FAE04EC0-301F-11D3-BF4B-00C04F79EFBC}") = "Task1", "..\Task1\Task1.csproj", "{380EF540-8EC0-4982-A353-256C5E2B3228}"
EndProject
Project("{FAE04EC0-301F-11D3-BF4B-00C04F79EFBC}") = "Task2", "..\Task2\Task2.csproj", "{9379F728-63B9-4D8C-A805-1A330DEE525A}"
EndProject
Global
	GlobalSection(SolutionConfigurationPlatforms) = preSolution
		Debug|Any CPU = Debug|Any CPU
		Release|Any CPU = Release|Any CPU
	EndGlobalSection
	GlobalSection(ProjectConfigurationPlatforms) = postSolution
		{63108002-BB9B-4652-8C81-BFAA0153F6EC}.Debug|Any CPU.ActiveCfg = Debug|Any CPU
		{63108002-BB9B-4652-8C81-BFAA0153F6EC}.Debug|Any CPU.Build.0 = Debug|Any CPU
		{63108002-BB9B-4652-8C81-BFAA0153F6EC}.Release|Any CPU.ActiveCfg = Release|Any CPU
		{63108002-BB9B-4652-8C81-BFAA0153F6EC}.Release|Any CPU.Build.0 = Release|Any CPU
		{380EF540-8EC0-4982-A353-256C5E2B3228}.Debug|Any CPU.ActiveCfg = Debug|Any CPU
		{380EF540-8EC0-4982-A353-256C5E2B3228}.Debug|Any CPU.Build.0 = Debug|Any CPU
		{380EF540-8EC0-4982-A353-256C5E2B3228}.Release|Any CPU.ActiveCfg = Release|Any CPU
		{380EF540-8EC0-4982-A353-256C5E2B3228}.Release|Any CPU.Build.0 = Release|Any CPU
		{9379F728-63B9-4D8C-A805-1A330DEE525A}.Debug|Any CPU.ActiveCfg = Debug|Any CPU
		{9379F728-63B9-4D8C-A805-1A330DEE525A}.Debug|Any CPU.Build.0 = Debug|Any CPU
		{9379F728-63B9-4D8C-A805-1A330DEE525A}.Release|Any CPU.ActiveCfg = Release|Any CPU
		{9379F728-63B9-4D8C-A805-1A330DEE525A}.Release|Any CPU.Build.0 = Release|Any CPU
	EndGlobalSection
	GlobalSection(SolutionProperties) = preSolution
		HideSolutionNode = FALSE
	EndGlobalSection
	GlobalSection(ExtensibilityGlobals) = postSolution
		SolutionGuid = {BA3C2C7E-368C-4372-AC79-AFD99F6510EB}
	EndGlobalSection
EndGlobal
