
Microsoft Visual Studio Solution File, Format Version 12.00
# Visual Studio Version 16
VisualStudioVersion = 16.0.30503.244
MinimumVisualStudioVersion = 10.0.40219.1
Project("{FAE04EC0-301F-11D3-BF4B-00C04F79EFBC}") = "Lab5", "Lab5.csproj", "{3130C9CD-7DB7-417A-BE74-ECA89EC2D2EB}"
EndProject
Global
	GlobalSection(SolutionConfigurationPlatforms) = preSolution
		Debug|Any CPU = Debug|Any CPU
		Release|Any CPU = Release|Any CPU
	EndGlobalSection
	GlobalSection(ProjectConfigurationPlatforms) = postSolution
		{3130C9CD-7DB7-417A-BE74-ECA89EC2D2EB}.Debug|Any CPU.ActiveCfg = Debug|Any CPU
		{3130C9CD-7DB7-417A-BE74-ECA89EC2D2EB}.Debug|Any CPU.Build.0 = Debug|Any CPU
		{3130C9CD-7DB7-417A-BE74-ECA89EC2D2EB}.Release|Any CPU.ActiveCfg = Release|Any CPU
		{3130C9CD-7DB7-417A-BE74-ECA89EC2D2EB}.Release|Any CPU.Build.0 = Release|Any CPU
	EndGlobalSection
	GlobalSection(SolutionProperties) = preSolution
		HideSolutionNode = FALSE
	EndGlobalSection
	GlobalSection(ExtensibilityGlobals) = postSolution
		SolutionGuid = {40411FC2-A7C4-4711-BDE8-AB78197FF59A}
	EndGlobalSection
EndGlobal
